
Microsoft Visual Studio Solution File, Format Version 12.00
Project("{FAE04EC0-301F-11D3-BF4B-00C04F79EFBC}") = "AdventOfCode.One", "src\AdventOfCode.One\AdventOfCode.One.csproj", "{633F3F59-4E1B-44FD-A717-71AE3D35B811}"
EndProject
Project("{FAE04EC0-301F-11D3-BF4B-00C04F79EFBC}") = "AdventOfCode.Common", "src\AdventOfCode.Common\AdventOfCode.Common.csproj", "{B26AE662-0013-466B-A4F8-CD88724FE84F}"
EndProject
Project("{FAE04EC0-301F-11D3-BF4B-00C04F79EFBC}") = "AdventOfCode.Two", "src\AdventOfCode.Two\AdventOfCode.Two.csproj", "{F19226B3-7771-47AC-89A7-84A73E1DBCF0}"
EndProject
Project("{FAE04EC0-301F-11D3-BF4B-00C04F79EFBC}") = "AdventOfCode.Tests", "tests\AdventOfCode.Tests\AdventOfCode.Tests.csproj", "{4F81023D-7449-44C4-B93F-A764538965F5}"
EndProject
Project("{FAE04EC0-301F-11D3-BF4B-00C04F79EFBC}") = "AdventOfCode.Three", "src\AdventOfCode.Three\AdventOfCode.Three.csproj", "{6642CE04-097C-447D-9C83-206BF497F94E}"
EndProject
Global
	GlobalSection(SolutionConfigurationPlatforms) = preSolution
		Debug|Any CPU = Debug|Any CPU
		Release|Any CPU = Release|Any CPU
	EndGlobalSection
	GlobalSection(ProjectConfigurationPlatforms) = postSolution
		{633F3F59-4E1B-44FD-A717-71AE3D35B811}.Debug|Any CPU.ActiveCfg = Debug|Any CPU
		{633F3F59-4E1B-44FD-A717-71AE3D35B811}.Debug|Any CPU.Build.0 = Debug|Any CPU
		{633F3F59-4E1B-44FD-A717-71AE3D35B811}.Release|Any CPU.ActiveCfg = Release|Any CPU
		{633F3F59-4E1B-44FD-A717-71AE3D35B811}.Release|Any CPU.Build.0 = Release|Any CPU
		{B26AE662-0013-466B-A4F8-CD88724FE84F}.Debug|Any CPU.ActiveCfg = Debug|Any CPU
		{B26AE662-0013-466B-A4F8-CD88724FE84F}.Debug|Any CPU.Build.0 = Debug|Any CPU
		{B26AE662-0013-466B-A4F8-CD88724FE84F}.Release|Any CPU.ActiveCfg = Release|Any CPU
		{B26AE662-0013-466B-A4F8-CD88724FE84F}.Release|Any CPU.Build.0 = Release|Any CPU
		{F19226B3-7771-47AC-89A7-84A73E1DBCF0}.Debug|Any CPU.ActiveCfg = Debug|Any CPU
		{F19226B3-7771-47AC-89A7-84A73E1DBCF0}.Debug|Any CPU.Build.0 = Debug|Any CPU
		{F19226B3-7771-47AC-89A7-84A73E1DBCF0}.Release|Any CPU.ActiveCfg = Release|Any CPU
		{F19226B3-7771-47AC-89A7-84A73E1DBCF0}.Release|Any CPU.Build.0 = Release|Any CPU
		{4F81023D-7449-44C4-B93F-A764538965F5}.Debug|Any CPU.ActiveCfg = Debug|Any CPU
		{4F81023D-7449-44C4-B93F-A764538965F5}.Debug|Any CPU.Build.0 = Debug|Any CPU
		{4F81023D-7449-44C4-B93F-A764538965F5}.Release|Any CPU.ActiveCfg = Release|Any CPU
		{4F81023D-7449-44C4-B93F-A764538965F5}.Release|Any CPU.Build.0 = Release|Any CPU
		{6642CE04-097C-447D-9C83-206BF497F94E}.Debug|Any CPU.ActiveCfg = Debug|Any CPU
		{6642CE04-097C-447D-9C83-206BF497F94E}.Debug|Any CPU.Build.0 = Debug|Any CPU
		{6642CE04-097C-447D-9C83-206BF497F94E}.Release|Any CPU.ActiveCfg = Release|Any CPU
		{6642CE04-097C-447D-9C83-206BF497F94E}.Release|Any CPU.Build.0 = Release|Any CPU
	EndGlobalSection
EndGlobal
