
Microsoft Visual Studio Solution File, Format Version 12.00
Project("{FAE04EC0-301F-11D3-BF4B-00C04F79EFBC}") = "AdventOfCode.Day1", "src\AdventOfCode.Day1\AdventOfCode.Day1.csproj", "{633F3F59-4E1B-44FD-A717-71AE3D35B811}"
EndProject
Project("{FAE04EC0-301F-11D3-BF4B-00C04F79EFBC}") = "AdventOfCode.Common", "src\AdventOfCode.Common\AdventOfCode.Common.csproj", "{B26AE662-0013-466B-A4F8-CD88724FE84F}"
EndProject
Project("{FAE04EC0-301F-11D3-BF4B-00C04F79EFBC}") = "AdventOfCode.Day2", "src\AdventOfCode.Day2\AdventOfCode.Day2.csproj", "{F19226B3-7771-47AC-89A7-84A73E1DBCF0}"
EndProject
Project("{FAE04EC0-301F-11D3-BF4B-00C04F79EFBC}") = "AdventOfCode.Tests", "tests\AdventOfCode.Tests\AdventOfCode.Tests.csproj", "{4F81023D-7449-44C4-B93F-A764538965F5}"
EndProject
Project("{FAE04EC0-301F-11D3-BF4B-00C04F79EFBC}") = "AdventOfCode.Day3", "src\AdventOfCode.Day3\AdventOfCode.Day3.csproj", "{6642CE04-097C-447D-9C83-206BF497F94E}"
EndProject
Project("{FAE04EC0-301F-11D3-BF4B-00C04F79EFBC}") = "AdventOfCode.Day4", "src\AdventOfCode.Day4\AdventOfCode.Day4.csproj", "{15BD4B3B-E2EF-4A6B-80BC-141F813A6C45}"
EndProject
Project("{FAE04EC0-301F-11D3-BF4B-00C04F79EFBC}") = "AdventOfCode.Day5", "src\AdventOfCode.Day5\AdventOfCode.Day5.csproj", "{E32C8D19-82E6-468B-8B87-0A234D0EA9B5}"
EndProject
Project("{FAE04EC0-301F-11D3-BF4B-00C04F79EFBC}") = "AdventOfCode.Day6", "src\AdventOfCode.Day6\AdventOfCode.Day6.csproj", "{A3918BA2-0651-4FBB-8578-976AB4467CBA}"
EndProject
Project("{FAE04EC0-301F-11D3-BF4B-00C04F79EFBC}") = "AdventOfCode.Day7", "src\AdventOfCode.Day7\AdventOfCode.Day7.csproj", "{240D9561-D68B-433E-9424-C0567B44DE4F}"
EndProject
Project("{FAE04EC0-301F-11D3-BF4B-00C04F79EFBC}") = "AdventOfCode.Day8", "src\AdventOfCode.Day8\AdventOfCode.Day8.csproj", "{7E6B7BE5-D1F0-4554-9B3F-40264BFFDD8A}"
EndProject
Project("{FAE04EC0-301F-11D3-BF4B-00C04F79EFBC}") = "AdventOfCode.Day9", "src\AdventOfCode.Day9\AdventOfCode.Day9.csproj", "{37E90E33-E5F4-46DD-8E2F-065E8B707328}"
EndProject
Project("{FAE04EC0-301F-11D3-BF4B-00C04F79EFBC}") = "AdventOfCode.Day10", "src\AdventOfCode.Day10\AdventOfCode.Day10.csproj", "{D6865F57-82A0-443E-990A-0A5EF3B225A7}"
EndProject
Project("{FAE04EC0-301F-11D3-BF4B-00C04F79EFBC}") = "AdventOfCode.Day11", "src\AdventOfCode.Day11\AdventOfCode.Day11.csproj", "{CAAF7B14-1759-45E4-A908-B6C3D4341E3B}"
EndProject
Project("{FAE04EC0-301F-11D3-BF4B-00C04F79EFBC}") = "AdventOfCode.Day12", "src\AdventOfCode.Day12\AdventOfCode.Day12.csproj", "{A667A2B5-3505-41F7-8CF6-C10925E4DFC3}"
EndProject
Project("{FAE04EC0-301F-11D3-BF4B-00C04F79EFBC}") = "AdventOfCode.Day14", "src\AdventOfCode.Day14\AdventOfCode.Day14.csproj", "{726C9B9B-1363-462B-9D4D-9599F3F38CA8}"
EndProject
Project("{FAE04EC0-301F-11D3-BF4B-00C04F79EFBC}") = "AdventOfCode.Day13", "src\AdventOfCode.Day13\AdventOfCode.Day13.csproj", "{E5645CCB-7C6B-441E-910B-7010EE63110E}"
EndProject
Project("{FAE04EC0-301F-11D3-BF4B-00C04F79EFBC}") = "AdventOfCode.Day15", "src\AdventOfCode.Day15\AdventOfCode.Day15.csproj", "{1D5AA5B9-5B26-4AAF-87DC-198644FF4737}"
EndProject
Project("{FAE04EC0-301F-11D3-BF4B-00C04F79EFBC}") = "AdventOfCode.Day16", "src\AdventOfCode.Day16\AdventOfCode.Day16.csproj", "{980FD6C7-807C-4551-9F86-CE355E35104C}"
EndProject
Project("{FAE04EC0-301F-11D3-BF4B-00C04F79EFBC}") = "AdventOfCode.Day17", "src\AdventOfCode.Day17\AdventOfCode.Day17.csproj", "{8EE676AF-26C8-4B24-BACF-33FF7628D9FA}"
EndProject
Global
	GlobalSection(SolutionConfigurationPlatforms) = preSolution
		Debug|Any CPU = Debug|Any CPU
		Release|Any CPU = Release|Any CPU
	EndGlobalSection
	GlobalSection(ProjectConfigurationPlatforms) = postSolution
		{633F3F59-4E1B-44FD-A717-71AE3D35B811}.Debug|Any CPU.ActiveCfg = Debug|Any CPU
		{633F3F59-4E1B-44FD-A717-71AE3D35B811}.Debug|Any CPU.Build.0 = Debug|Any CPU
		{633F3F59-4E1B-44FD-A717-71AE3D35B811}.Release|Any CPU.ActiveCfg = Release|Any CPU
		{633F3F59-4E1B-44FD-A717-71AE3D35B811}.Release|Any CPU.Build.0 = Release|Any CPU
		{B26AE662-0013-466B-A4F8-CD88724FE84F}.Debug|Any CPU.ActiveCfg = Debug|Any CPU
		{B26AE662-0013-466B-A4F8-CD88724FE84F}.Debug|Any CPU.Build.0 = Debug|Any CPU
		{B26AE662-0013-466B-A4F8-CD88724FE84F}.Release|Any CPU.ActiveCfg = Release|Any CPU
		{B26AE662-0013-466B-A4F8-CD88724FE84F}.Release|Any CPU.Build.0 = Release|Any CPU
		{F19226B3-7771-47AC-89A7-84A73E1DBCF0}.Debug|Any CPU.ActiveCfg = Debug|Any CPU
		{F19226B3-7771-47AC-89A7-84A73E1DBCF0}.Debug|Any CPU.Build.0 = Debug|Any CPU
		{F19226B3-7771-47AC-89A7-84A73E1DBCF0}.Release|Any CPU.ActiveCfg = Release|Any CPU
		{F19226B3-7771-47AC-89A7-84A73E1DBCF0}.Release|Any CPU.Build.0 = Release|Any CPU
		{4F81023D-7449-44C4-B93F-A764538965F5}.Debug|Any CPU.ActiveCfg = Debug|Any CPU
		{4F81023D-7449-44C4-B93F-A764538965F5}.Debug|Any CPU.Build.0 = Debug|Any CPU
		{4F81023D-7449-44C4-B93F-A764538965F5}.Release|Any CPU.ActiveCfg = Release|Any CPU
		{4F81023D-7449-44C4-B93F-A764538965F5}.Release|Any CPU.Build.0 = Release|Any CPU
		{6642CE04-097C-447D-9C83-206BF497F94E}.Debug|Any CPU.ActiveCfg = Debug|Any CPU
		{6642CE04-097C-447D-9C83-206BF497F94E}.Debug|Any CPU.Build.0 = Debug|Any CPU
		{6642CE04-097C-447D-9C83-206BF497F94E}.Release|Any CPU.ActiveCfg = Release|Any CPU
		{6642CE04-097C-447D-9C83-206BF497F94E}.Release|Any CPU.Build.0 = Release|Any CPU
		{15BD4B3B-E2EF-4A6B-80BC-141F813A6C45}.Debug|Any CPU.ActiveCfg = Debug|Any CPU
		{15BD4B3B-E2EF-4A6B-80BC-141F813A6C45}.Debug|Any CPU.Build.0 = Debug|Any CPU
		{15BD4B3B-E2EF-4A6B-80BC-141F813A6C45}.Release|Any CPU.ActiveCfg = Release|Any CPU
		{15BD4B3B-E2EF-4A6B-80BC-141F813A6C45}.Release|Any CPU.Build.0 = Release|Any CPU
		{E32C8D19-82E6-468B-8B87-0A234D0EA9B5}.Debug|Any CPU.ActiveCfg = Debug|Any CPU
		{E32C8D19-82E6-468B-8B87-0A234D0EA9B5}.Debug|Any CPU.Build.0 = Debug|Any CPU
		{E32C8D19-82E6-468B-8B87-0A234D0EA9B5}.Release|Any CPU.ActiveCfg = Release|Any CPU
		{E32C8D19-82E6-468B-8B87-0A234D0EA9B5}.Release|Any CPU.Build.0 = Release|Any CPU
		{A3918BA2-0651-4FBB-8578-976AB4467CBA}.Debug|Any CPU.ActiveCfg = Debug|Any CPU
		{A3918BA2-0651-4FBB-8578-976AB4467CBA}.Debug|Any CPU.Build.0 = Debug|Any CPU
		{A3918BA2-0651-4FBB-8578-976AB4467CBA}.Release|Any CPU.ActiveCfg = Release|Any CPU
		{A3918BA2-0651-4FBB-8578-976AB4467CBA}.Release|Any CPU.Build.0 = Release|Any CPU
		{240D9561-D68B-433E-9424-C0567B44DE4F}.Debug|Any CPU.ActiveCfg = Debug|Any CPU
		{240D9561-D68B-433E-9424-C0567B44DE4F}.Debug|Any CPU.Build.0 = Debug|Any CPU
		{240D9561-D68B-433E-9424-C0567B44DE4F}.Release|Any CPU.ActiveCfg = Release|Any CPU
		{240D9561-D68B-433E-9424-C0567B44DE4F}.Release|Any CPU.Build.0 = Release|Any CPU
		{7E6B7BE5-D1F0-4554-9B3F-40264BFFDD8A}.Debug|Any CPU.ActiveCfg = Debug|Any CPU
		{7E6B7BE5-D1F0-4554-9B3F-40264BFFDD8A}.Debug|Any CPU.Build.0 = Debug|Any CPU
		{7E6B7BE5-D1F0-4554-9B3F-40264BFFDD8A}.Release|Any CPU.ActiveCfg = Release|Any CPU
		{7E6B7BE5-D1F0-4554-9B3F-40264BFFDD8A}.Release|Any CPU.Build.0 = Release|Any CPU
		{37E90E33-E5F4-46DD-8E2F-065E8B707328}.Debug|Any CPU.ActiveCfg = Debug|Any CPU
		{37E90E33-E5F4-46DD-8E2F-065E8B707328}.Debug|Any CPU.Build.0 = Debug|Any CPU
		{37E90E33-E5F4-46DD-8E2F-065E8B707328}.Release|Any CPU.ActiveCfg = Release|Any CPU
		{37E90E33-E5F4-46DD-8E2F-065E8B707328}.Release|Any CPU.Build.0 = Release|Any CPU
		{D6865F57-82A0-443E-990A-0A5EF3B225A7}.Debug|Any CPU.ActiveCfg = Debug|Any CPU
		{D6865F57-82A0-443E-990A-0A5EF3B225A7}.Debug|Any CPU.Build.0 = Debug|Any CPU
		{D6865F57-82A0-443E-990A-0A5EF3B225A7}.Release|Any CPU.ActiveCfg = Release|Any CPU
		{D6865F57-82A0-443E-990A-0A5EF3B225A7}.Release|Any CPU.Build.0 = Release|Any CPU
		{CAAF7B14-1759-45E4-A908-B6C3D4341E3B}.Debug|Any CPU.ActiveCfg = Debug|Any CPU
		{CAAF7B14-1759-45E4-A908-B6C3D4341E3B}.Debug|Any CPU.Build.0 = Debug|Any CPU
		{CAAF7B14-1759-45E4-A908-B6C3D4341E3B}.Release|Any CPU.ActiveCfg = Release|Any CPU
		{CAAF7B14-1759-45E4-A908-B6C3D4341E3B}.Release|Any CPU.Build.0 = Release|Any CPU
		{A667A2B5-3505-41F7-8CF6-C10925E4DFC3}.Debug|Any CPU.ActiveCfg = Debug|Any CPU
		{A667A2B5-3505-41F7-8CF6-C10925E4DFC3}.Debug|Any CPU.Build.0 = Debug|Any CPU
		{A667A2B5-3505-41F7-8CF6-C10925E4DFC3}.Release|Any CPU.ActiveCfg = Release|Any CPU
		{A667A2B5-3505-41F7-8CF6-C10925E4DFC3}.Release|Any CPU.Build.0 = Release|Any CPU
		{726C9B9B-1363-462B-9D4D-9599F3F38CA8}.Debug|Any CPU.ActiveCfg = Debug|Any CPU
		{726C9B9B-1363-462B-9D4D-9599F3F38CA8}.Debug|Any CPU.Build.0 = Debug|Any CPU
		{726C9B9B-1363-462B-9D4D-9599F3F38CA8}.Release|Any CPU.ActiveCfg = Release|Any CPU
		{726C9B9B-1363-462B-9D4D-9599F3F38CA8}.Release|Any CPU.Build.0 = Release|Any CPU
		{E5645CCB-7C6B-441E-910B-7010EE63110E}.Debug|Any CPU.ActiveCfg = Debug|Any CPU
		{E5645CCB-7C6B-441E-910B-7010EE63110E}.Debug|Any CPU.Build.0 = Debug|Any CPU
		{E5645CCB-7C6B-441E-910B-7010EE63110E}.Release|Any CPU.ActiveCfg = Release|Any CPU
		{E5645CCB-7C6B-441E-910B-7010EE63110E}.Release|Any CPU.Build.0 = Release|Any CPU
		{1D5AA5B9-5B26-4AAF-87DC-198644FF4737}.Debug|Any CPU.ActiveCfg = Debug|Any CPU
		{1D5AA5B9-5B26-4AAF-87DC-198644FF4737}.Debug|Any CPU.Build.0 = Debug|Any CPU
		{1D5AA5B9-5B26-4AAF-87DC-198644FF4737}.Release|Any CPU.ActiveCfg = Release|Any CPU
		{1D5AA5B9-5B26-4AAF-87DC-198644FF4737}.Release|Any CPU.Build.0 = Release|Any CPU
		{980FD6C7-807C-4551-9F86-CE355E35104C}.Debug|Any CPU.ActiveCfg = Debug|Any CPU
		{980FD6C7-807C-4551-9F86-CE355E35104C}.Debug|Any CPU.Build.0 = Debug|Any CPU
		{980FD6C7-807C-4551-9F86-CE355E35104C}.Release|Any CPU.ActiveCfg = Release|Any CPU
		{980FD6C7-807C-4551-9F86-CE355E35104C}.Release|Any CPU.Build.0 = Release|Any CPU
		{8EE676AF-26C8-4B24-BACF-33FF7628D9FA}.Debug|Any CPU.ActiveCfg = Debug|Any CPU
		{8EE676AF-26C8-4B24-BACF-33FF7628D9FA}.Debug|Any CPU.Build.0 = Debug|Any CPU
		{8EE676AF-26C8-4B24-BACF-33FF7628D9FA}.Release|Any CPU.ActiveCfg = Release|Any CPU
		{8EE676AF-26C8-4B24-BACF-33FF7628D9FA}.Release|Any CPU.Build.0 = Release|Any CPU
	EndGlobalSection
EndGlobal
